// !$*UTF8*$!
{
	archiveVersion = 1;
	classes = {
	};
	objectVersion = 63;
	objects = {

/* Begin PBXBuildFile section */
		4B439AA92C86BF9000415A36 /* Preview Assets.xcassets in Resources */ = {isa = PBXBuildFile; fileRef = 4B439A9E2C86BF9000415A36 /* Preview Assets.xcassets */; };
		4B439AAA2C86BF9000415A36 /* Assets.xcassets in Resources */ = {isa = PBXBuildFile; fileRef = 4B439AA32C86BF9000415A36 /* Assets.xcassets */; };
		4B439AAB2C86BF9000415A36 /* StringItem.swift in Sources */ = {isa = PBXBuildFile; fileRef = 4B439A9C2C86BF9000415A36 /* StringItem.swift */; };
		4B439AAC2C86BF9000415A36 /* ClipboardWatcher.swift in Sources */ = {isa = PBXBuildFile; fileRef = 4B439AA02C86BF9000415A36 /* ClipboardWatcher.swift */; };
		4B439AAD2C86BF9000415A36 /* QueryHelpers.swift in Sources */ = {isa = PBXBuildFile; fileRef = 4B439AA12C86BF9000415A36 /* QueryHelpers.swift */; };
		4B439AAE2C86BF9000415A36 /* ContentView.swift in Sources */ = {isa = PBXBuildFile; fileRef = 4B439AA42C86BF9000415A36 /* ContentView.swift */; };
		4B439AAF2C86BF9000415A36 /* CopyPalApp.swift in Sources */ = {isa = PBXBuildFile; fileRef = 4B439AA62C86BF9000415A36 /* CopyPalApp.swift */; };
		4B439AB02C86BF9000415A36 /* CopyPalCommands.swift in Sources */ = {isa = PBXBuildFile; fileRef = 4B439AA72C86BF9000415A36 /* CopyPalCommands.swift */; };
		4B439AB32C86BF9500415A36 /* CopyPalTests.swift in Sources */ = {isa = PBXBuildFile; fileRef = 4B439AB12C86BF9500415A36 /* CopyPalTests.swift */; };
		4B439AB72C86BF9900415A36 /* CopyPalUITests.swift in Sources */ = {isa = PBXBuildFile; fileRef = 4B439AB42C86BF9900415A36 /* CopyPalUITests.swift */; };
		4B439AB82C86BF9900415A36 /* CopyPalUITestsLaunchTests.swift in Sources */ = {isa = PBXBuildFile; fileRef = 4B439AB52C86BF9900415A36 /* CopyPalUITestsLaunchTests.swift */; };
/* End PBXBuildFile section */

/* Begin PBXContainerItemProxy section */
		4B3595DB2C83FA1A006613E9 /* PBXContainerItemProxy */ = {
			isa = PBXContainerItemProxy;
			containerPortal = 4B3595BF2C83FA17006613E9 /* Project object */;
			proxyType = 1;
			remoteGlobalIDString = 4B3595C62C83FA17006613E9;
			remoteInfo = CopyPal;
		};
		4B3595E52C83FA1A006613E9 /* PBXContainerItemProxy */ = {
			isa = PBXContainerItemProxy;
			containerPortal = 4B3595BF2C83FA17006613E9 /* Project object */;
			proxyType = 1;
			remoteGlobalIDString = 4B3595C62C83FA17006613E9;
			remoteInfo = CopyPal;
		};
/* End PBXContainerItemProxy section */

/* Begin PBXFileReference section */
		4B3595C72C83FA17006613E9 /* CopyPal.app */ = {isa = PBXFileReference; explicitFileType = wrapper.application; includeInIndex = 0; path = CopyPal.app; sourceTree = BUILT_PRODUCTS_DIR; };
		4B3595DA2C83FA1A006613E9 /* CopyPalTests.xctest */ = {isa = PBXFileReference; explicitFileType = wrapper.cfbundle; includeInIndex = 0; path = CopyPalTests.xctest; sourceTree = BUILT_PRODUCTS_DIR; };
		4B3595E42C83FA1A006613E9 /* CopyPalUITests.xctest */ = {isa = PBXFileReference; explicitFileType = wrapper.cfbundle; includeInIndex = 0; path = CopyPalUITests.xctest; sourceTree = BUILT_PRODUCTS_DIR; };
		4B439A9C2C86BF9000415A36 /* StringItem.swift */ = {isa = PBXFileReference; lastKnownFileType = sourcecode.swift; path = StringItem.swift; sourceTree = "<group>"; };
		4B439A9E2C86BF9000415A36 /* Preview Assets.xcassets */ = {isa = PBXFileReference; lastKnownFileType = folder.assetcatalog; path = "Preview Assets.xcassets"; sourceTree = "<group>"; };
		4B439AA02C86BF9000415A36 /* ClipboardWatcher.swift */ = {isa = PBXFileReference; lastKnownFileType = sourcecode.swift; path = ClipboardWatcher.swift; sourceTree = "<group>"; };
		4B439AA12C86BF9000415A36 /* QueryHelpers.swift */ = {isa = PBXFileReference; lastKnownFileType = sourcecode.swift; path = QueryHelpers.swift; sourceTree = "<group>"; };
		4B439AA32C86BF9000415A36 /* Assets.xcassets */ = {isa = PBXFileReference; lastKnownFileType = folder.assetcatalog; path = Assets.xcassets; sourceTree = "<group>"; };
		4B439AA42C86BF9000415A36 /* ContentView.swift */ = {isa = PBXFileReference; lastKnownFileType = sourcecode.swift; path = ContentView.swift; sourceTree = "<group>"; };
		4B439AA52C86BF9000415A36 /* CopyPal.entitlements */ = {isa = PBXFileReference; lastKnownFileType = text.plist.entitlements; path = CopyPal.entitlements; sourceTree = "<group>"; };
		4B439AA62C86BF9000415A36 /* CopyPalApp.swift */ = {isa = PBXFileReference; lastKnownFileType = sourcecode.swift; path = CopyPalApp.swift; sourceTree = "<group>"; };
		4B439AA72C86BF9000415A36 /* CopyPalCommands.swift */ = {isa = PBXFileReference; lastKnownFileType = sourcecode.swift; path = CopyPalCommands.swift; sourceTree = "<group>"; };
		4B439AB12C86BF9500415A36 /* CopyPalTests.swift */ = {isa = PBXFileReference; lastKnownFileType = sourcecode.swift; path = CopyPalTests.swift; sourceTree = "<group>"; };
		4B439AB42C86BF9900415A36 /* CopyPalUITests.swift */ = {isa = PBXFileReference; lastKnownFileType = sourcecode.swift; path = CopyPalUITests.swift; sourceTree = "<group>"; };
		4B439AB52C86BF9900415A36 /* CopyPalUITestsLaunchTests.swift */ = {isa = PBXFileReference; lastKnownFileType = sourcecode.swift; path = CopyPalUITestsLaunchTests.swift; sourceTree = "<group>"; };
/* End PBXFileReference section */

/* Begin PBXFrameworksBuildPhase section */
		4B3595C42C83FA17006613E9 /* Frameworks */ = {
			isa = PBXFrameworksBuildPhase;
			buildActionMask = 2147483647;
			files = (
			);
			runOnlyForDeploymentPostprocessing = 0;
		};
		4B3595D72C83FA1A006613E9 /* Frameworks */ = {
			isa = PBXFrameworksBuildPhase;
			buildActionMask = 2147483647;
			files = (
			);
			runOnlyForDeploymentPostprocessing = 0;
		};
		4B3595E12C83FA1A006613E9 /* Frameworks */ = {
			isa = PBXFrameworksBuildPhase;
			buildActionMask = 2147483647;
			files = (
			);
			runOnlyForDeploymentPostprocessing = 0;
		};
/* End PBXFrameworksBuildPhase section */

/* Begin PBXGroup section */
		4B3595BE2C83FA17006613E9 = {
			isa = PBXGroup;
			children = (
				4B439AA82C86BF9000415A36 /* CopyPal */,
				4B439AB22C86BF9500415A36 /* CopyPalTests */,
				4B439AB62C86BF9900415A36 /* CopyPalUITests */,
				4B3595C82C83FA17006613E9 /* Products */,
			);
			sourceTree = "<group>";
		};
		4B3595C82C83FA17006613E9 /* Products */ = {
			isa = PBXGroup;
			children = (
				4B3595C72C83FA17006613E9 /* CopyPal.app */,
				4B3595DA2C83FA1A006613E9 /* CopyPalTests.xctest */,
				4B3595E42C83FA1A006613E9 /* CopyPalUITests.xctest */,
			);
			name = Products;
			sourceTree = "<group>";
		};
		4B439A9D2C86BF9000415A36 /* Model */ = {
			isa = PBXGroup;
			children = (
				4B439A9C2C86BF9000415A36 /* StringItem.swift */,
			);
			path = Model;
			sourceTree = "<group>";
		};
		4B439A9F2C86BF9000415A36 /* Preview Content */ = {
			isa = PBXGroup;
			children = (
				4B439A9E2C86BF9000415A36 /* Preview Assets.xcassets */,
			);
			path = "Preview Content";
			sourceTree = "<group>";
		};
		4B439AA22C86BF9000415A36 /* Utilities */ = {
			isa = PBXGroup;
			children = (
				4B439AA02C86BF9000415A36 /* ClipboardWatcher.swift */,
				4B439AA12C86BF9000415A36 /* QueryHelpers.swift */,
			);
			path = Utilities;
			sourceTree = "<group>";
		};
		4B439AA82C86BF9000415A36 /* CopyPal */ = {
			isa = PBXGroup;
			children = (
				4B439A9D2C86BF9000415A36 /* Model */,
				4B439A9F2C86BF9000415A36 /* Preview Content */,
				4B439AA22C86BF9000415A36 /* Utilities */,
				4B439AA32C86BF9000415A36 /* Assets.xcassets */,
				4B439AA42C86BF9000415A36 /* ContentView.swift */,
				4B439AA52C86BF9000415A36 /* CopyPal.entitlements */,
				4B439AA62C86BF9000415A36 /* CopyPalApp.swift */,
				4B439AA72C86BF9000415A36 /* CopyPalCommands.swift */,
			);
			path = CopyPal;
			sourceTree = "<group>";
		};
		4B439AB22C86BF9500415A36 /* CopyPalTests */ = {
			isa = PBXGroup;
			children = (
				4B439AB12C86BF9500415A36 /* CopyPalTests.swift */,
			);
			path = CopyPalTests;
			sourceTree = "<group>";
		};
		4B439AB62C86BF9900415A36 /* CopyPalUITests */ = {
			isa = PBXGroup;
			children = (
				4B439AB42C86BF9900415A36 /* CopyPalUITests.swift */,
				4B439AB52C86BF9900415A36 /* CopyPalUITestsLaunchTests.swift */,
			);
			path = CopyPalUITests;
			sourceTree = "<group>";
		};
/* End PBXGroup section */

/* Begin PBXNativeTarget section */
		4B3595C62C83FA17006613E9 /* CopyPal */ = {
			isa = PBXNativeTarget;
			buildConfigurationList = 4B3595EE2C83FA1A006613E9 /* Build configuration list for PBXNativeTarget "CopyPal" */;
			buildPhases = (
				4B3595C32C83FA17006613E9 /* Sources */,
				4B3595C42C83FA17006613E9 /* Frameworks */,
				4B3595C52C83FA17006613E9 /* Resources */,
			);
			buildRules = (
			);
			dependencies = (
			);
			name = CopyPal;
			packageProductDependencies = (
			);
			productName = CopyPal;
			productReference = 4B3595C72C83FA17006613E9 /* CopyPal.app */;
			productType = "com.apple.product-type.application";
		};
		4B3595D92C83FA1A006613E9 /* CopyPalTests */ = {
			isa = PBXNativeTarget;
			buildConfigurationList = 4B3595F12C83FA1A006613E9 /* Build configuration list for PBXNativeTarget "CopyPalTests" */;
			buildPhases = (
				4B3595D62C83FA1A006613E9 /* Sources */,
				4B3595D72C83FA1A006613E9 /* Frameworks */,
				4B3595D82C83FA1A006613E9 /* Resources */,
			);
			buildRules = (
			);
			dependencies = (
				4B3595DC2C83FA1A006613E9 /* PBXTargetDependency */,
			);
			name = CopyPalTests;
			packageProductDependencies = (
			);
			productName = CopyPalTests;
			productReference = 4B3595DA2C83FA1A006613E9 /* CopyPalTests.xctest */;
			productType = "com.apple.product-type.bundle.unit-test";
		};
		4B3595E32C83FA1A006613E9 /* CopyPalUITests */ = {
			isa = PBXNativeTarget;
			buildConfigurationList = 4B3595F42C83FA1A006613E9 /* Build configuration list for PBXNativeTarget "CopyPalUITests" */;
			buildPhases = (
				4B3595E02C83FA1A006613E9 /* Sources */,
				4B3595E12C83FA1A006613E9 /* Frameworks */,
				4B3595E22C83FA1A006613E9 /* Resources */,
			);
			buildRules = (
			);
			dependencies = (
				4B3595E62C83FA1A006613E9 /* PBXTargetDependency */,
			);
			name = CopyPalUITests;
			packageProductDependencies = (
			);
			productName = CopyPalUITests;
			productReference = 4B3595E42C83FA1A006613E9 /* CopyPalUITests.xctest */;
			productType = "com.apple.product-type.bundle.ui-testing";
		};
/* End PBXNativeTarget section */

/* Begin PBXProject section */
		4B3595BF2C83FA17006613E9 /* Project object */ = {
			isa = PBXProject;
			attributes = {
				BuildIndependentTargetsInParallel = 1;
				LastSwiftUpdateCheck = 1600;
				LastUpgradeCheck = 1600;
				TargetAttributes = {
					4B3595C62C83FA17006613E9 = {
						CreatedOnToolsVersion = 16.0;
					};
					4B3595D92C83FA1A006613E9 = {
						CreatedOnToolsVersion = 16.0;
						TestTargetID = 4B3595C62C83FA17006613E9;
					};
					4B3595E32C83FA1A006613E9 = {
						CreatedOnToolsVersion = 16.0;
						TestTargetID = 4B3595C62C83FA17006613E9;
					};
				};
			};
			buildConfigurationList = 4B3595C22C83FA17006613E9 /* Build configuration list for PBXProject "CopyPal" */;
			compatibilityVersion = "Xcode 15.0";
			developmentRegion = en;
			hasScannedForEncodings = 0;
			knownRegions = (
				en,
				Base,
			);
			mainGroup = 4B3595BE2C83FA17006613E9;
			minimizedProjectReferenceProxies = 1;
			packageReferences = (
			);
			productRefGroup = 4B3595C82C83FA17006613E9 /* Products */;
			projectDirPath = "";
			projectRoot = "";
			targets = (
				4B3595C62C83FA17006613E9 /* CopyPal */,
				4B3595D92C83FA1A006613E9 /* CopyPalTests */,
				4B3595E32C83FA1A006613E9 /* CopyPalUITests */,
			);
		};
/* End PBXProject section */

/* Begin PBXResourcesBuildPhase section */
		4B3595C52C83FA17006613E9 /* Resources */ = {
			isa = PBXResourcesBuildPhase;
			buildActionMask = 2147483647;
			files = (
				4B439AA92C86BF9000415A36 /* Preview Assets.xcassets in Resources */,
				4B439AAA2C86BF9000415A36 /* Assets.xcassets in Resources */,
			);
			runOnlyForDeploymentPostprocessing = 0;
		};
		4B3595D82C83FA1A006613E9 /* Resources */ = {
			isa = PBXResourcesBuildPhase;
			buildActionMask = 2147483647;
			files = (
			);
			runOnlyForDeploymentPostprocessing = 0;
		};
		4B3595E22C83FA1A006613E9 /* Resources */ = {
			isa = PBXResourcesBuildPhase;
			buildActionMask = 2147483647;
			files = (
			);
			runOnlyForDeploymentPostprocessing = 0;
		};
/* End PBXResourcesBuildPhase section */

/* Begin PBXSourcesBuildPhase section */
		4B3595C32C83FA17006613E9 /* Sources */ = {
			isa = PBXSourcesBuildPhase;
			buildActionMask = 2147483647;
			files = (
				4B439AAB2C86BF9000415A36 /* StringItem.swift in Sources */,
				4B439AAC2C86BF9000415A36 /* ClipboardWatcher.swift in Sources */,
				4B439AAD2C86BF9000415A36 /* QueryHelpers.swift in Sources */,
				4B439AAE2C86BF9000415A36 /* ContentView.swift in Sources */,
				4B439AAF2C86BF9000415A36 /* CopyPalApp.swift in Sources */,
				4B439AB02C86BF9000415A36 /* CopyPalCommands.swift in Sources */,
			);
			runOnlyForDeploymentPostprocessing = 0;
		};
		4B3595D62C83FA1A006613E9 /* Sources */ = {
			isa = PBXSourcesBuildPhase;
			buildActionMask = 2147483647;
			files = (
				4B439AB32C86BF9500415A36 /* CopyPalTests.swift in Sources */,
			);
			runOnlyForDeploymentPostprocessing = 0;
		};
		4B3595E02C83FA1A006613E9 /* Sources */ = {
			isa = PBXSourcesBuildPhase;
			buildActionMask = 2147483647;
			files = (
				4B439AB72C86BF9900415A36 /* CopyPalUITests.swift in Sources */,
				4B439AB82C86BF9900415A36 /* CopyPalUITestsLaunchTests.swift in Sources */,
			);
			runOnlyForDeploymentPostprocessing = 0;
		};
/* End PBXSourcesBuildPhase section */

/* Begin PBXTargetDependency section */
		4B3595DC2C83FA1A006613E9 /* PBXTargetDependency */ = {
			isa = PBXTargetDependency;
			target = 4B3595C62C83FA17006613E9 /* CopyPal */;
			targetProxy = 4B3595DB2C83FA1A006613E9 /* PBXContainerItemProxy */;
		};
		4B3595E62C83FA1A006613E9 /* PBXTargetDependency */ = {
			isa = PBXTargetDependency;
			target = 4B3595C62C83FA17006613E9 /* CopyPal */;
			targetProxy = 4B3595E52C83FA1A006613E9 /* PBXContainerItemProxy */;
		};
/* End PBXTargetDependency section */

/* Begin XCBuildConfiguration section */
		4B3595EC2C83FA1A006613E9 /* Debug */ = {
			isa = XCBuildConfiguration;
			buildSettings = {
				ALWAYS_SEARCH_USER_PATHS = NO;
				ASSETCATALOG_COMPILER_GENERATE_SWIFT_ASSET_SYMBOL_EXTENSIONS = YES;
				CLANG_ANALYZER_NONNULL = YES;
				CLANG_ANALYZER_NUMBER_OBJECT_CONVERSION = YES_AGGRESSIVE;
				CLANG_CXX_LANGUAGE_STANDARD = "gnu++20";
				CLANG_ENABLE_MODULES = YES;
				CLANG_ENABLE_OBJC_ARC = YES;
				CLANG_ENABLE_OBJC_WEAK = YES;
				CLANG_WARN_BLOCK_CAPTURE_AUTORELEASING = YES;
				CLANG_WARN_BOOL_CONVERSION = YES;
				CLANG_WARN_COMMA = YES;
				CLANG_WARN_CONSTANT_CONVERSION = YES;
				CLANG_WARN_DEPRECATED_OBJC_IMPLEMENTATIONS = YES;
				CLANG_WARN_DIRECT_OBJC_ISA_USAGE = YES_ERROR;
				CLANG_WARN_DOCUMENTATION_COMMENTS = YES;
				CLANG_WARN_EMPTY_BODY = YES;
				CLANG_WARN_ENUM_CONVERSION = YES;
				CLANG_WARN_INFINITE_RECURSION = YES;
				CLANG_WARN_INT_CONVERSION = YES;
				CLANG_WARN_NON_LITERAL_NULL_CONVERSION = YES;
				CLANG_WARN_OBJC_IMPLICIT_RETAIN_SELF = YES;
				CLANG_WARN_OBJC_LITERAL_CONVERSION = YES;
				CLANG_WARN_OBJC_ROOT_CLASS = YES_ERROR;
				CLANG_WARN_QUOTED_INCLUDE_IN_FRAMEWORK_HEADER = YES;
				CLANG_WARN_RANGE_LOOP_ANALYSIS = YES;
				CLANG_WARN_STRICT_PROTOTYPES = YES;
				CLANG_WARN_SUSPICIOUS_MOVE = YES;
				CLANG_WARN_UNGUARDED_AVAILABILITY = YES_AGGRESSIVE;
				CLANG_WARN_UNREACHABLE_CODE = YES;
				CLANG_WARN__DUPLICATE_METHOD_MATCH = YES;
				COPY_PHASE_STRIP = NO;
				DEBUG_INFORMATION_FORMAT = dwarf;
				ENABLE_STRICT_OBJC_MSGSEND = YES;
				ENABLE_TESTABILITY = YES;
				ENABLE_USER_SCRIPT_SANDBOXING = YES;
				GCC_C_LANGUAGE_STANDARD = gnu17;
				GCC_DYNAMIC_NO_PIC = NO;
				GCC_NO_COMMON_BLOCKS = YES;
				GCC_OPTIMIZATION_LEVEL = 0;
				GCC_PREPROCESSOR_DEFINITIONS = (
					"DEBUG=1",
					"$(inherited)",
				);
				GCC_WARN_64_TO_32_BIT_CONVERSION = YES;
				GCC_WARN_ABOUT_RETURN_TYPE = YES_ERROR;
				GCC_WARN_UNDECLARED_SELECTOR = YES;
				GCC_WARN_UNINITIALIZED_AUTOS = YES_AGGRESSIVE;
				GCC_WARN_UNUSED_FUNCTION = YES;
				GCC_WARN_UNUSED_VARIABLE = YES;
				LOCALIZATION_PREFERS_STRING_CATALOGS = YES;
				MACOSX_DEPLOYMENT_TARGET = 15.0;
				MTL_ENABLE_DEBUG_INFO = INCLUDE_SOURCE;
				MTL_FAST_MATH = YES;
				ONLY_ACTIVE_ARCH = YES;
				SDKROOT = macosx;
				SWIFT_ACTIVE_COMPILATION_CONDITIONS = "DEBUG $(inherited)";
				SWIFT_OPTIMIZATION_LEVEL = "-Onone";
			};
			name = Debug;
		};
		4B3595ED2C83FA1A006613E9 /* Release */ = {
			isa = XCBuildConfiguration;
			buildSettings = {
				ALWAYS_SEARCH_USER_PATHS = NO;
				ASSETCATALOG_COMPILER_GENERATE_SWIFT_ASSET_SYMBOL_EXTENSIONS = YES;
				CLANG_ANALYZER_NONNULL = YES;
				CLANG_ANALYZER_NUMBER_OBJECT_CONVERSION = YES_AGGRESSIVE;
				CLANG_CXX_LANGUAGE_STANDARD = "gnu++20";
				CLANG_ENABLE_MODULES = YES;
				CLANG_ENABLE_OBJC_ARC = YES;
				CLANG_ENABLE_OBJC_WEAK = YES;
				CLANG_WARN_BLOCK_CAPTURE_AUTORELEASING = YES;
				CLANG_WARN_BOOL_CONVERSION = YES;
				CLANG_WARN_COMMA = YES;
				CLANG_WARN_CONSTANT_CONVERSION = YES;
				CLANG_WARN_DEPRECATED_OBJC_IMPLEMENTATIONS = YES;
				CLANG_WARN_DIRECT_OBJC_ISA_USAGE = YES_ERROR;
				CLANG_WARN_DOCUMENTATION_COMMENTS = YES;
				CLANG_WARN_EMPTY_BODY = YES;
				CLANG_WARN_ENUM_CONVERSION = YES;
				CLANG_WARN_INFINITE_RECURSION = YES;
				CLANG_WARN_INT_CONVERSION = YES;
				CLANG_WARN_NON_LITERAL_NULL_CONVERSION = YES;
				CLANG_WARN_OBJC_IMPLICIT_RETAIN_SELF = YES;
				CLANG_WARN_OBJC_LITERAL_CONVERSION = YES;
				CLANG_WARN_OBJC_ROOT_CLASS = YES_ERROR;
				CLANG_WARN_QUOTED_INCLUDE_IN_FRAMEWORK_HEADER = YES;
				CLANG_WARN_RANGE_LOOP_ANALYSIS = YES;
				CLANG_WARN_STRICT_PROTOTYPES = YES;
				CLANG_WARN_SUSPICIOUS_MOVE = YES;
				CLANG_WARN_UNGUARDED_AVAILABILITY = YES_AGGRESSIVE;
				CLANG_WARN_UNREACHABLE_CODE = YES;
				CLANG_WARN__DUPLICATE_METHOD_MATCH = YES;
				COPY_PHASE_STRIP = NO;
				DEBUG_INFORMATION_FORMAT = "dwarf-with-dsym";
				ENABLE_NS_ASSERTIONS = NO;
				ENABLE_STRICT_OBJC_MSGSEND = YES;
				ENABLE_USER_SCRIPT_SANDBOXING = YES;
				GCC_C_LANGUAGE_STANDARD = gnu17;
				GCC_NO_COMMON_BLOCKS = YES;
				GCC_WARN_64_TO_32_BIT_CONVERSION = YES;
				GCC_WARN_ABOUT_RETURN_TYPE = YES_ERROR;
				GCC_WARN_UNDECLARED_SELECTOR = YES;
				GCC_WARN_UNINITIALIZED_AUTOS = YES_AGGRESSIVE;
				GCC_WARN_UNUSED_FUNCTION = YES;
				GCC_WARN_UNUSED_VARIABLE = YES;
				LOCALIZATION_PREFERS_STRING_CATALOGS = YES;
				MACOSX_DEPLOYMENT_TARGET = 15.0;
				MTL_ENABLE_DEBUG_INFO = NO;
				MTL_FAST_MATH = YES;
				SDKROOT = macosx;
				SWIFT_COMPILATION_MODE = wholemodule;
			};
			name = Release;
		};
		4B3595EF2C83FA1A006613E9 /* Debug */ = {
			isa = XCBuildConfiguration;
			buildSettings = {
				ASSETCATALOG_COMPILER_APPICON_NAME = AppIcon;
				ASSETCATALOG_COMPILER_GLOBAL_ACCENT_COLOR_NAME = AccentColor;
				CODE_SIGN_ENTITLEMENTS = CopyPal/CopyPal.entitlements;
				CODE_SIGN_STYLE = Automatic;
				COMBINE_HIDPI_IMAGES = YES;
				CURRENT_PROJECT_VERSION = 1;
				DEVELOPMENT_ASSET_PATHS = "\"CopyPal/Preview Content\"";
				DEVELOPMENT_TEAM = 473BWG9258;
				ENABLE_HARDENED_RUNTIME = YES;
				ENABLE_PREVIEWS = YES;
				GENERATE_INFOPLIST_FILE = YES;
				INFOPLIST_KEY_CFBundleDisplayName = "Clipboard Buddy";
				INFOPLIST_KEY_LSApplicationCategoryType = "public.app-category.utilities";
				INFOPLIST_KEY_LSUIElement = YES;
				INFOPLIST_KEY_NSHumanReadableCopyright = "";
				LD_RUNPATH_SEARCH_PATHS = (
					"$(inherited)",
					"@executable_path/../Frameworks",
				);
				MACOSX_DEPLOYMENT_TARGET = 14.0;
				MARKETING_VERSION = 1.0;
				PRODUCT_BUNDLE_IDENTIFIER = Gokul.CopyPal;
				PRODUCT_NAME = "$(TARGET_NAME)";
				SWIFT_EMIT_LOC_STRINGS = YES;
				SWIFT_VERSION = 5.0;
			};
			name = Debug;
		};
		4B3595F02C83FA1A006613E9 /* Release */ = {
			isa = XCBuildConfiguration;
			buildSettings = {
				ASSETCATALOG_COMPILER_APPICON_NAME = AppIcon;
				ASSETCATALOG_COMPILER_GLOBAL_ACCENT_COLOR_NAME = AccentColor;
				CODE_SIGN_ENTITLEMENTS = CopyPal/CopyPal.entitlements;
				CODE_SIGN_STYLE = Automatic;
				COMBINE_HIDPI_IMAGES = YES;
				CURRENT_PROJECT_VERSION = 1;
				DEVELOPMENT_ASSET_PATHS = "\"CopyPal/Preview Content\"";
				DEVELOPMENT_TEAM = 473BWG9258;
				ENABLE_HARDENED_RUNTIME = YES;
				ENABLE_PREVIEWS = YES;
				GENERATE_INFOPLIST_FILE = YES;
				INFOPLIST_KEY_CFBundleDisplayName = "Clipboard Buddy";
				INFOPLIST_KEY_LSApplicationCategoryType = "public.app-category.utilities";
				INFOPLIST_KEY_LSUIElement = YES;
				INFOPLIST_KEY_NSHumanReadableCopyright = "";
				LD_RUNPATH_SEARCH_PATHS = (
					"$(inherited)",
					"@executable_path/../Frameworks",
				);
				MACOSX_DEPLOYMENT_TARGET = 14.0;
				MARKETING_VERSION = 1.0;
				PRODUCT_BUNDLE_IDENTIFIER = Gokul.CopyPal;
				PRODUCT_NAME = "$(TARGET_NAME)";
				SWIFT_EMIT_LOC_STRINGS = YES;
				SWIFT_VERSION = 5.0;
			};
			name = Release;
		};
		4B3595F22C83FA1A006613E9 /* Debug */ = {
			isa = XCBuildConfiguration;
			buildSettings = {
				BUNDLE_LOADER = "$(TEST_HOST)";
				CODE_SIGN_STYLE = Automatic;
				CURRENT_PROJECT_VERSION = 1;
				DEVELOPMENT_TEAM = 473BWG9258;
				GENERATE_INFOPLIST_FILE = YES;
				MACOSX_DEPLOYMENT_TARGET = 14.0;
				MARKETING_VERSION = 1.0;
				PRODUCT_BUNDLE_IDENTIFIER = Gokul.CopyPalTests;
				PRODUCT_NAME = "$(TARGET_NAME)";
				SWIFT_EMIT_LOC_STRINGS = NO;
				SWIFT_VERSION = 5.0;
				TEST_HOST = "$(BUILT_PRODUCTS_DIR)/CopyPal.app/$(BUNDLE_EXECUTABLE_FOLDER_PATH)/CopyPal";
			};
			name = Debug;
		};
		4B3595F32C83FA1A006613E9 /* Release */ = {
			isa = XCBuildConfiguration;
			buildSettings = {
				BUNDLE_LOADER = "$(TEST_HOST)";
				CODE_SIGN_STYLE = Automatic;
				CURRENT_PROJECT_VERSION = 1;
				DEVELOPMENT_TEAM = 473BWG9258;
				GENERATE_INFOPLIST_FILE = YES;
				MACOSX_DEPLOYMENT_TARGET = 14.0;
				MARKETING_VERSION = 1.0;
				PRODUCT_BUNDLE_IDENTIFIER = Gokul.CopyPalTests;
				PRODUCT_NAME = "$(TARGET_NAME)";
				SWIFT_EMIT_LOC_STRINGS = NO;
				SWIFT_VERSION = 5.0;
				TEST_HOST = "$(BUILT_PRODUCTS_DIR)/CopyPal.app/$(BUNDLE_EXECUTABLE_FOLDER_PATH)/CopyPal";
			};
			name = Release;
		};
		4B3595F52C83FA1A006613E9 /* Debug */ = {
			isa = XCBuildConfiguration;
			buildSettings = {
				CODE_SIGN_STYLE = Automatic;
				CURRENT_PROJECT_VERSION = 1;
				DEVELOPMENT_TEAM = 473BWG9258;
				GENERATE_INFOPLIST_FILE = YES;
				MARKETING_VERSION = 1.0;
				PRODUCT_BUNDLE_IDENTIFIER = Gokul.CopyPalUITests;
				PRODUCT_NAME = "$(TARGET_NAME)";
				SWIFT_EMIT_LOC_STRINGS = NO;
				SWIFT_VERSION = 5.0;
				TEST_TARGET_NAME = CopyPal;
			};
			name = Debug;
		};
		4B3595F62C83FA1A006613E9 /* Release */ = {
			isa = XCBuildConfiguration;
			buildSettings = {
				CODE_SIGN_STYLE = Automatic;
				CURRENT_PROJECT_VERSION = 1;
				DEVELOPMENT_TEAM = 473BWG9258;
				GENERATE_INFOPLIST_FILE = YES;
				MARKETING_VERSION = 1.0;
				PRODUCT_BUNDLE_IDENTIFIER = Gokul.CopyPalUITests;
				PRODUCT_NAME = "$(TARGET_NAME)";
				SWIFT_EMIT_LOC_STRINGS = NO;
				SWIFT_VERSION = 5.0;
				TEST_TARGET_NAME = CopyPal;
			};
			name = Release;
		};
/* End XCBuildConfiguration section */

/* Begin XCConfigurationList section */
		4B3595C22C83FA17006613E9 /* Build configuration list for PBXProject "CopyPal" */ = {
			isa = XCConfigurationList;
			buildConfigurations = (
				4B3595EC2C83FA1A006613E9 /* Debug */,
				4B3595ED2C83FA1A006613E9 /* Release */,
			);
			defaultConfigurationIsVisible = 0;
			defaultConfigurationName = Release;
		};
		4B3595EE2C83FA1A006613E9 /* Build configuration list for PBXNativeTarget "CopyPal" */ = {
			isa = XCConfigurationList;
			buildConfigurations = (
				4B3595EF2C83FA1A006613E9 /* Debug */,
				4B3595F02C83FA1A006613E9 /* Release */,
			);
			defaultConfigurationIsVisible = 0;
			defaultConfigurationName = Release;
		};
		4B3595F12C83FA1A006613E9 /* Build configuration list for PBXNativeTarget "CopyPalTests" */ = {
			isa = XCConfigurationList;
			buildConfigurations = (
				4B3595F22C83FA1A006613E9 /* Debug */,
				4B3595F32C83FA1A006613E9 /* Release */,
			);
			defaultConfigurationIsVisible = 0;
			defaultConfigurationName = Release;
		};
		4B3595F42C83FA1A006613E9 /* Build configuration list for PBXNativeTarget "CopyPalUITests" */ = {
			isa = XCConfigurationList;
			buildConfigurations = (
				4B3595F52C83FA1A006613E9 /* Debug */,
				4B3595F62C83FA1A006613E9 /* Release */,
			);
			defaultConfigurationIsVisible = 0;
			defaultConfigurationName = Release;
		};
/* End XCConfigurationList section */
	};
	rootObject = 4B3595BF2C83FA17006613E9 /* Project object */;
}
